PODS:
  - RxSwift (6.2.0)
  - SnapshotTesting (1.9.0)
  - SwiftGen (6.4.0)
  - SwiftLint (0.43.1)

DEPENDENCIES:
  - RxSwift
  - SnapshotTesting (~> 1.9.0)
  - SwiftGen
  - SwiftLint

SPEC REPOS:
  trunk:
    - RxSwift
    - SnapshotTesting
    - SwiftGen
    - SwiftLint

SPEC CHECKSUMS:
  RxSwift: d356ab7bee873611322f134c5f9ef379fa183d8f
  SnapshotTesting: 6141c48b6aa76ead61431ca665c14ab9a066c53b
  SwiftGen: 67860cc7c3cfc2ed25b9b74cfd55495fc89f9108
  SwiftLint: 99f82d07b837b942dd563c668de129a03fc3fb52

PODFILE CHECKSUM: 7fd353783ccabd52fd14540105585b6f4241c7dd

COCOAPODS: 1.8.4
